
Microsoft Visual Studio Solution File, Format Version 12.00
# Visual Studio Version 16
VisualStudioVersion = 16.0.29613.14
MinimumVisualStudioVersion = 10.0.40219.1
Project("{9A19103F-16F7-4668-BE54-9A1E7A4F7556}") = "FootballGame", "LearnCSharp\FootballGame.csproj", "{B5ADEF6F-B74D-4CDC-84C6-FCC91377286F}"
EndProject
Global
	GlobalSection(SolutionConfigurationPlatforms) = preSolution
		Debug|Any CPU = Debug|Any CPU
		Release|Any CPU = Release|Any CPU
	EndGlobalSection
	GlobalSection(ProjectConfigurationPlatforms) = postSolution
		{B5ADEF6F-B74D-4CDC-84C6-FCC91377286F}.Debug|Any CPU.ActiveCfg = Debug|Any CPU
		{B5ADEF6F-B74D-4CDC-84C6-FCC91377286F}.Debug|Any CPU.Build.0 = Debug|Any CPU
		{B5ADEF6F-B74D-4CDC-84C6-FCC91377286F}.Release|Any CPU.ActiveCfg = Release|Any CPU
		{B5ADEF6F-B74D-4CDC-84C6-FCC91377286F}.Release|Any CPU.Build.0 = Release|Any CPU
	EndGlobalSection
	GlobalSection(SolutionProperties) = preSolution
		HideSolutionNode = FALSE
	EndGlobalSection
	GlobalSection(ExtensibilityGlobals) = postSolution
		SolutionGuid = {547F5038-55E3-4738-A045-8CAC9B1F74C8}
	EndGlobalSection
EndGlobal
